{
  "name": "es6-delegate",
  "version": "1.0.0",
  "lockfileVersion": 1,
  "requires": true,
  "dependencies": {
    "@types/estree": {
      "version": "0.0.38",
      "resolved": "https://registry.npmjs.org/@types/estree/-/estree-0.0.38.tgz",
      "integrity": "sha512-F/v7t1LwS4vnXuPooJQGBRKRGIoxWUTmA4VHfqjOccFsNDThD5bfUNpITive6s352O7o384wcpEaDV8rHCehDA=="
    },
    "@types/node": {
      "version": "6.0.107",
      "resolved": "https://registry.npmjs.org/@types/node/-/node-6.0.107.tgz",
      "integrity": "sha512-iuJWRFHqU0tFLCYH6cfBZzMxThAAsNK31FZxoq+fKIDOSZk1p+3IhNWfEdvPJfsQXcTq8z+57s8xjQlrDAB0Gw=="
    },
    "rollup": {
      "version": "0.58.2",
      "resolved": "https://registry.npmjs.org/rollup/-/rollup-0.58.2.tgz",
      "integrity": "sha512-RZVvCWm9BHOYloaE6LLiE/ibpjv1CmI8F8k0B0Cp+q1eezo3cswszJH1DN0djgzSlo0hjuuCmyeI+1XOYLl4wg==",
      "requires": {
        "@types/estree": "0.0.38",
        "@types/node": "6.0.107"
      }
    }
  }
}
